
Microsoft Visual Studio Solution File, Format Version 12.00
# Visual Studio Version 16
VisualStudioVersion = 16.0.31702.278
MinimumVisualStudioVersion = 10.0.40219.1
Project("{FAE04EC0-301F-11D3-BF4B-00C04F79EFBC}") = "MVCtraining", "MVCtraining\MVCtraining.csproj", "{413422B0-7C01-43AE-A3EE-A12FED0FF3C2}"
EndProject
Global
	GlobalSection(SolutionConfigurationPlatforms) = preSolution
		Debug|Any CPU = Debug|Any CPU
		Release|Any CPU = Release|Any CPU
	EndGlobalSection
	GlobalSection(ProjectConfigurationPlatforms) = postSolution
		{413422B0-7C01-43AE-A3EE-A12FED0FF3C2}.Debug|Any CPU.ActiveCfg = Debug|Any CPU
		{413422B0-7C01-43AE-A3EE-A12FED0FF3C2}.Debug|Any CPU.Build.0 = Debug|Any CPU
		{413422B0-7C01-43AE-A3EE-A12FED0FF3C2}.Release|Any CPU.ActiveCfg = Release|Any CPU
		{413422B0-7C01-43AE-A3EE-A12FED0FF3C2}.Release|Any CPU.Build.0 = Release|Any CPU
	EndGlobalSection
	GlobalSection(SolutionProperties) = preSolution
		HideSolutionNode = FALSE
	EndGlobalSection
	GlobalSection(ExtensibilityGlobals) = postSolution
		SolutionGuid = {6082E798-B712-4D3E-972E-C1D7DC331BD0}
	EndGlobalSection
EndGlobal
